
Microsoft Visual Studio Solution File, Format Version 12.00
# Visual Studio Version 16
VisualStudioVersion = 16.0.30225.117
MinimumVisualStudioVersion = 10.0.40219.1
Project("{9A19103F-16F7-4668-BE54-9A1E7A4F7556}") = "WebApplicationMBegyn", "WebApplicationMBegyn.csproj", "{BB30F99A-0DE4-47E4-93DB-881F16A45E96}"
EndProject
Project("{FAE04EC0-301F-11D3-BF4B-00C04F79EFBC}") = "WebApplicationMBegynTests", "..\WebApplicationMBegynTests\WebApplicationMBegynTests.csproj", "{1C1E3EEB-7D9E-4316-BD55-C8344EB65FED}"
EndProject
Global
	GlobalSection(SolutionConfigurationPlatforms) = preSolution
		Debug|Any CPU = Debug|Any CPU
		Release|Any CPU = Release|Any CPU
	EndGlobalSection
	GlobalSection(ProjectConfigurationPlatforms) = postSolution
		{BB30F99A-0DE4-47E4-93DB-881F16A45E96}.Debug|Any CPU.ActiveCfg = Debug|Any CPU
		{BB30F99A-0DE4-47E4-93DB-881F16A45E96}.Debug|Any CPU.Build.0 = Debug|Any CPU
		{BB30F99A-0DE4-47E4-93DB-881F16A45E96}.Release|Any CPU.ActiveCfg = Release|Any CPU
		{BB30F99A-0DE4-47E4-93DB-881F16A45E96}.Release|Any CPU.Build.0 = Release|Any CPU
		{1C1E3EEB-7D9E-4316-BD55-C8344EB65FED}.Debug|Any CPU.ActiveCfg = Debug|Any CPU
		{1C1E3EEB-7D9E-4316-BD55-C8344EB65FED}.Debug|Any CPU.Build.0 = Debug|Any CPU
		{1C1E3EEB-7D9E-4316-BD55-C8344EB65FED}.Release|Any CPU.ActiveCfg = Release|Any CPU
		{1C1E3EEB-7D9E-4316-BD55-C8344EB65FED}.Release|Any CPU.Build.0 = Release|Any CPU
	EndGlobalSection
	GlobalSection(SolutionProperties) = preSolution
		HideSolutionNode = FALSE
	EndGlobalSection
	GlobalSection(ExtensibilityGlobals) = postSolution
		SolutionGuid = {7317F62C-7A4E-4D58-9E54-E5232ED4A2BA}
	EndGlobalSection
EndGlobal
